
Microsoft Visual Studio Solution File, Format Version 12.00
# Visual Studio 14
VisualStudioVersion = 14.0.23107.0
MinimumVisualStudioVersion = 10.0.40219.1
Project("{FAE04EC0-301F-11D3-BF4B-00C04F79EFBC}") = "UAssetTools", "UAssetTools\UAssetTools.csproj", "{D1D60952-BECB-4D3F-B198-B01A996BB4EA}"
EndProject
Project("{FAE04EC0-301F-11D3-BF4B-00C04F79EFBC}") = "PakTools", "PakTools\PakTools.csproj", "{ED8CB002-1F6B-4213-AFED-D82754F3E709}"
EndProject
Project("{FAE04EC0-301F-11D3-BF4B-00C04F79EFBC}") = "Helpers", "Helpers\Helpers.csproj", "{13F60B6A-37B7-40E2-A578-E73ADAC788C8}"
EndProject
Global
	GlobalSection(SolutionConfigurationPlatforms) = preSolution
		Debug|Any CPU = Debug|Any CPU
		Release|Any CPU = Release|Any CPU
	EndGlobalSection
	GlobalSection(ProjectConfigurationPlatforms) = postSolution
		{D1D60952-BECB-4D3F-B198-B01A996BB4EA}.Debug|Any CPU.ActiveCfg = Debug|Any CPU
		{D1D60952-BECB-4D3F-B198-B01A996BB4EA}.Debug|Any CPU.Build.0 = Debug|Any CPU
		{D1D60952-BECB-4D3F-B198-B01A996BB4EA}.Release|Any CPU.ActiveCfg = Release|Any CPU
		{D1D60952-BECB-4D3F-B198-B01A996BB4EA}.Release|Any CPU.Build.0 = Release|Any CPU
		{ED8CB002-1F6B-4213-AFED-D82754F3E709}.Debug|Any CPU.ActiveCfg = Debug|Any CPU
		{ED8CB002-1F6B-4213-AFED-D82754F3E709}.Debug|Any CPU.Build.0 = Debug|Any CPU
		{ED8CB002-1F6B-4213-AFED-D82754F3E709}.Release|Any CPU.ActiveCfg = Release|Any CPU
		{ED8CB002-1F6B-4213-AFED-D82754F3E709}.Release|Any CPU.Build.0 = Release|Any CPU
		{13F60B6A-37B7-40E2-A578-E73ADAC788C8}.Debug|Any CPU.ActiveCfg = Debug|Any CPU
		{13F60B6A-37B7-40E2-A578-E73ADAC788C8}.Debug|Any CPU.Build.0 = Debug|Any CPU
		{13F60B6A-37B7-40E2-A578-E73ADAC788C8}.Release|Any CPU.ActiveCfg = Release|Any CPU
		{13F60B6A-37B7-40E2-A578-E73ADAC788C8}.Release|Any CPU.Build.0 = Release|Any CPU
	EndGlobalSection
	GlobalSection(SolutionProperties) = preSolution
		HideSolutionNode = FALSE
	EndGlobalSection
EndGlobal
